// !$*UTF8*$!
{
	archiveVersion = 1;
	classes = {
	};
	objectVersion = 50;
	objects = {

/* Begin PBXBuildFile section */
		8ED475DB226EAAA8008591C6 /* AppDelegate.m in Sources */ = {isa = PBXBuildFile; fileRef = 8ED475DA226EAAA8008591C6 /* AppDelegate.m */; };
		8ED475DE226EAAA8008591C6 /* ViewController.m in Sources */ = {isa = PBXBuildFile; fileRef = 8ED475DD226EAAA8008591C6 /* ViewController.m */; };
		8ED475E1226EAAA8008591C6 /* Main.storyboard in Resources */ = {isa = PBXBuildFile; fileRef = 8ED475DF226EAAA8008591C6 /* Main.storyboard */; };
		8ED475E3226EAAAA008591C6 /* Assets.xcassets in Resources */ = {isa = PBXBuildFile; fileRef = 8ED475E2226EAAAA008591C6 /* Assets.xcassets */; };
		8ED475E6226EAAAA008591C6 /* LaunchScreen.storyboard in Resources */ = {isa = PBXBuildFile; fileRef = 8ED475E4226EAAAA008591C6 /* LaunchScreen.storyboard */; };
		8ED475E9226EAAAA008591C6 /* main.m in Sources */ = {isa = PBXBuildFile; fileRef = 8ED475E8226EAAAA008591C6 /* main.m */; };
		8ED475F1226EACBC008591C6 /* TestRequest.m in Sources */ = {isa = PBXBuildFile; fileRef = 8ED475F0226EACBC008591C6 /* TestRequest.m */; };
		8ED475F4226EB4EB008591C6 /* Test2Request.m in Sources */ = {isa = PBXBuildFile; fileRef = 8ED475F3226EB4EB008591C6 /* Test2Request.m */; };
		8ED475F7226EC4BE008591C6 /* XCChainRequest.m in Sources */ = {isa = PBXBuildFile; fileRef = 8ED475F6226EC4BE008591C6 /* XCChainRequest.m */; };
		8ED475FA226F2937008591C6 /* TestViewController.m in Sources */ = {isa = PBXBuildFile; fileRef = 8ED475F9226F2937008591C6 /* TestViewController.m */; };
		EEC1B437F167AF7EE3B8A823 /* libPods-RequestMergeAndCancel.a in Frameworks */ = {isa = PBXBuildFile; fileRef = A6305B9D74766135DA07DA1A /* libPods-RequestMergeAndCancel.a */; };
/* End PBXBuildFile section */

/* Begin PBXFileReference section */
		820FCED51B14EB7B88B3AA33 /* Pods-RequestMergeAndCancel.release.xcconfig */ = {isa = PBXFileReference; includeInIndex = 1; lastKnownFileType = text.xcconfig; name = "Pods-RequestMergeAndCancel.release.xcconfig"; path = "Target Support Files/Pods-RequestMergeAndCancel/Pods-RequestMergeAndCancel.release.xcconfig"; sourceTree = "<group>"; };
		8ED475D6226EAAA8008591C6 /* RequestMergeAndCancel.app */ = {isa = PBXFileReference; explicitFileType = wrapper.application; includeInIndex = 0; path = RequestMergeAndCancel.app; sourceTree = BUILT_PRODUCTS_DIR; };
		8ED475D9226EAAA8008591C6 /* AppDelegate.h */ = {isa = PBXFileReference; lastKnownFileType = sourcecode.c.h; path = AppDelegate.h; sourceTree = "<group>"; };
		8ED475DA226EAAA8008591C6 /* AppDelegate.m */ = {isa = PBXFileReference; lastKnownFileType = sourcecode.c.objc; path = AppDelegate.m; sourceTree = "<group>"; };
		8ED475DC226EAAA8008591C6 /* ViewController.h */ = {isa = PBXFileReference; lastKnownFileType = sourcecode.c.h; path = ViewController.h; sourceTree = "<group>"; };
		8ED475DD226EAAA8008591C6 /* ViewController.m */ = {isa = PBXFileReference; lastKnownFileType = sourcecode.c.objc; path = ViewController.m; sourceTree = "<group>"; };
		8ED475E0226EAAA8008591C6 /* Base */ = {isa = PBXFileReference; lastKnownFileType = file.storyboard; name = Base; path = Base.lproj/Main.storyboard; sourceTree = "<group>"; };
		8ED475E2226EAAAA008591C6 /* Assets.xcassets */ = {isa = PBXFileReference; lastKnownFileType = folder.assetcatalog; path = Assets.xcassets; sourceTree = "<group>"; };
		8ED475E5226EAAAA008591C6 /* Base */ = {isa = PBXFileReference; lastKnownFileType = file.storyboard; name = Base; path = Base.lproj/LaunchScreen.storyboard; sourceTree = "<group>"; };
		8ED475E7226EAAAA008591C6 /* Info.plist */ = {isa = PBXFileReference; lastKnownFileType = text.plist.xml; path = Info.plist; sourceTree = "<group>"; };
		8ED475E8226EAAAA008591C6 /* main.m */ = {isa = PBXFileReference; lastKnownFileType = sourcecode.c.objc; path = main.m; sourceTree = "<group>"; };
		8ED475EF226EACBC008591C6 /* TestRequest.h */ = {isa = PBXFileReference; lastKnownFileType = sourcecode.c.h; path = TestRequest.h; sourceTree = "<group>"; };
		8ED475F0226EACBC008591C6 /* TestRequest.m */ = {isa = PBXFileReference; lastKnownFileType = sourcecode.c.objc; path = TestRequest.m; sourceTree = "<group>"; };
		8ED475F2226EB4EB008591C6 /* Test2Request.h */ = {isa = PBXFileReference; lastKnownFileType = sourcecode.c.h; path = Test2Request.h; sourceTree = "<group>"; };
		8ED475F3226EB4EB008591C6 /* Test2Request.m */ = {isa = PBXFileReference; lastKnownFileType = sourcecode.c.objc; path = Test2Request.m; sourceTree = "<group>"; };
		8ED475F5226EC4BE008591C6 /* XCChainRequest.h */ = {isa = PBXFileReference; lastKnownFileType = sourcecode.c.h; path = XCChainRequest.h; sourceTree = "<group>"; };
		8ED475F6226EC4BE008591C6 /* XCChainRequest.m */ = {isa = PBXFileReference; lastKnownFileType = sourcecode.c.objc; path = XCChainRequest.m; sourceTree = "<group>"; };
		8ED475F8226F2937008591C6 /* TestViewController.h */ = {isa = PBXFileReference; lastKnownFileType = sourcecode.c.h; path = TestViewController.h; sourceTree = "<group>"; };
		8ED475F9226F2937008591C6 /* TestViewController.m */ = {isa = PBXFileReference; lastKnownFileType = sourcecode.c.objc; path = TestViewController.m; sourceTree = "<group>"; };
		A6305B9D74766135DA07DA1A /* libPods-RequestMergeAndCancel.a */ = {isa = PBXFileReference; explicitFileType = archive.ar; includeInIndex = 0; path = "libPods-RequestMergeAndCancel.a"; sourceTree = BUILT_PRODUCTS_DIR; };
		C143D71C9020EAB0F0F02F02 /* Pods-RequestMergeAndCancel.debug.xcconfig */ = {isa = PBXFileReference; includeInIndex = 1; lastKnownFileType = text.xcconfig; name = "Pods-RequestMergeAndCancel.debug.xcconfig"; path = "Target Support Files/Pods-RequestMergeAndCancel/Pods-RequestMergeAndCancel.debug.xcconfig"; sourceTree = "<group>"; };
/* End PBXFileReference section */

/* Begin PBXFrameworksBuildPhase section */
		8ED475D3226EAAA8008591C6 /* Frameworks */ = {
			isa = PBXFrameworksBuildPhase;
			buildActionMask = 2147483647;
			files = (
				EEC1B437F167AF7EE3B8A823 /* libPods-RequestMergeAndCancel.a in Frameworks */,
			);
			runOnlyForDeploymentPostprocessing = 0;
		};
/* End PBXFrameworksBuildPhase section */

/* Begin PBXGroup section */
		8ED475CD226EAAA8008591C6 = {
			isa = PBXGroup;
			children = (
				8ED475D8226EAAA8008591C6 /* RequestMergeAndCancel */,
				8ED475D7226EAAA8008591C6 /* Products */,
				F566DB6DBE5F589FFAA5382C /* Pods */,
				AB9D3B16BFF384F20BFB8D37 /* Frameworks */,
			);
			sourceTree = "<group>";
		};
		8ED475D7226EAAA8008591C6 /* Products */ = {
			isa = PBXGroup;
			children = (
				8ED475D6226EAAA8008591C6 /* RequestMergeAndCancel.app */,
			);
			name = Products;
			sourceTree = "<group>";
		};
		8ED475D8226EAAA8008591C6 /* RequestMergeAndCancel */ = {
			isa = PBXGroup;
			children = (
				8ED475D9226EAAA8008591C6 /* AppDelegate.h */,
				8ED475DA226EAAA8008591C6 /* AppDelegate.m */,
				8ED475DC226EAAA8008591C6 /* ViewController.h */,
				8ED475DD226EAAA8008591C6 /* ViewController.m */,
				8ED475DF226EAAA8008591C6 /* Main.storyboard */,
				8ED475E2226EAAAA008591C6 /* Assets.xcassets */,
				8ED475E4226EAAAA008591C6 /* LaunchScreen.storyboard */,
				8ED475E7226EAAAA008591C6 /* Info.plist */,
				8ED475E8226EAAAA008591C6 /* main.m */,
				8ED475EF226EACBC008591C6 /* TestRequest.h */,
				8ED475F0226EACBC008591C6 /* TestRequest.m */,
				8ED475F2226EB4EB008591C6 /* Test2Request.h */,
				8ED475F3226EB4EB008591C6 /* Test2Request.m */,
				8ED475F5226EC4BE008591C6 /* XCChainRequest.h */,
				8ED475F6226EC4BE008591C6 /* XCChainRequest.m */,
				8ED475F8226F2937008591C6 /* TestViewController.h */,
				8ED475F9226F2937008591C6 /* TestViewController.m */,
			);
			path = RequestMergeAndCancel;
			sourceTree = "<group>";
		};
		AB9D3B16BFF384F20BFB8D37 /* Frameworks */ = {
			isa = PBXGroup;
			children = (
				A6305B9D74766135DA07DA1A /* libPods-RequestMergeAndCancel.a */,
			);
			name = Frameworks;
			sourceTree = "<group>";
		};
		F566DB6DBE5F589FFAA5382C /* Pods */ = {
			isa = PBXGroup;
			children = (
				C143D71C9020EAB0F0F02F02 /* Pods-RequestMergeAndCancel.debug.xcconfig */,
				820FCED51B14EB7B88B3AA33 /* Pods-RequestMergeAndCancel.release.xcconfig */,
			);
			path = Pods;
			sourceTree = "<group>";
		};
/* End PBXGroup section */

/* Begin PBXNativeTarget section */
		8ED475D5226EAAA8008591C6 /* RequestMergeAndCancel */ = {
			isa = PBXNativeTarget;
			buildConfigurationList = 8ED475EC226EAAAA008591C6 /* Build configuration list for PBXNativeTarget "RequestMergeAndCancel" */;
			buildPhases = (
				858441B7DAD44D4F264F7C95 /* [CP] Check Pods Manifest.lock */,
				8ED475D2226EAAA8008591C6 /* Sources */,
				8ED475D3226EAAA8008591C6 /* Frameworks */,
				8ED475D4226EAAA8008591C6 /* Resources */,
			);
			buildRules = (
			);
			dependencies = (
			);
			name = RequestMergeAndCancel;
			productName = RequestMergeAndCancel;
			productReference = 8ED475D6226EAAA8008591C6 /* RequestMergeAndCancel.app */;
			productType = "com.apple.product-type.application";
		};
/* End PBXNativeTarget section */

/* Begin PBXProject section */
		8ED475CE226EAAA8008591C6 /* Project object */ = {
			isa = PBXProject;
			attributes = {
				LastUpgradeCheck = 1010;
				ORGANIZATIONNAME = tongleiming;
				TargetAttributes = {
					8ED475D5226EAAA8008591C6 = {
						CreatedOnToolsVersion = 10.1;
					};
				};
			};
			buildConfigurationList = 8ED475D1226EAAA8008591C6 /* Build configuration list for PBXProject "RequestMergeAndCancel" */;
			compatibilityVersion = "Xcode 9.3";
			developmentRegion = en;
			hasScannedForEncodings = 0;
			knownRegions = (
				en,
				Base,
			);
			mainGroup = 8ED475CD226EAAA8008591C6;
			productRefGroup = 8ED475D7226EAAA8008591C6 /* Products */;
			projectDirPath = "";
			projectRoot = "";
			targets = (
				8ED475D5226EAAA8008591C6 /* RequestMergeAndCancel */,
			);
		};
/* End PBXProject section */

/* Begin PBXResourcesBuildPhase section */
		8ED475D4226EAAA8008591C6 /* Resources */ = {
			isa = PBXResourcesBuildPhase;
			buildActionMask = 2147483647;
			files = (
				8ED475E6226EAAAA008591C6 /* LaunchScreen.storyboard in Resources */,
				8ED475E3226EAAAA008591C6 /* Assets.xcassets in Resources */,
				8ED475E1226EAAA8008591C6 /* Main.storyboard in Resources */,
			);
			runOnlyForDeploymentPostprocessing = 0;
		};
/* End PBXResourcesBuildPhase section */

/* Begin PBXShellScriptBuildPhase section */
		858441B7DAD44D4F264F7C95 /* [CP] Check Pods Manifest.lock */ = {
			isa = PBXShellScriptBuildPhase;
			buildActionMask = 2147483647;
			files = (
			);
			inputFileListPaths = (
			);
			inputPaths = (
				"${PODS_PODFILE_DIR_PATH}/Podfile.lock",
				"${PODS_ROOT}/Manifest.lock",
			);
			name = "[CP] Check Pods Manifest.lock";
			outputFileListPaths = (
			);
			outputPaths = (
				"$(DERIVED_FILE_DIR)/Pods-RequestMergeAndCancel-checkManifestLockResult.txt",
			);
			runOnlyForDeploymentPostprocessing = 0;
			shellPath = /bin/sh;
			shellScript = "diff \"${PODS_PODFILE_DIR_PATH}/Podfile.lock\" \"${PODS_ROOT}/Manifest.lock\" > /dev/null\nif [ $? != 0 ] ; then\n    # print error to STDERR\n    echo \"error: The sandbox is not in sync with the Podfile.lock. Run 'pod install' or update your CocoaPods installation.\" >&2\n    exit 1\nfi\n# This output is used by Xcode 'outputs' to avoid re-running this script phase.\necho \"SUCCESS\" > \"${SCRIPT_OUTPUT_FILE_0}\"\n";
			showEnvVarsInLog = 0;
		};
/* End PBXShellScriptBuildPhase section */

/* Begin PBXSourcesBuildPhase section */
		8ED475D2226EAAA8008591C6 /* Sources */ = {
			isa = PBXSourcesBuildPhase;
			buildActionMask = 2147483647;
			files = (
				8ED475F4226EB4EB008591C6 /* Test2Request.m in Sources */,
				8ED475DE226EAAA8008591C6 /* ViewController.m in Sources */,
				8ED475FA226F2937008591C6 /* TestViewController.m in Sources */,
				8ED475F1226EACBC008591C6 /* TestRequest.m in Sources */,
				8ED475E9226EAAAA008591C6 /* main.m in Sources */,
				8ED475F7226EC4BE008591C6 /* XCChainRequest.m in Sources */,
				8ED475DB226EAAA8008591C6 /* AppDelegate.m in Sources */,
			);
			runOnlyForDeploymentPostprocessing = 0;
		};
/* End PBXSourcesBuildPhase section */

/* Begin PBXVariantGroup section */
		8ED475DF226EAAA8008591C6 /* Main.storyboard */ = {
			isa = PBXVariantGroup;
			children = (
				8ED475E0226EAAA8008591C6 /* Base */,
			);
			name = Main.storyboard;
			sourceTree = "<group>";
		};
		8ED475E4226EAAAA008591C6 /* LaunchScreen.storyboard */ = {
			isa = PBXVariantGroup;
			children = (
				8ED475E5226EAAAA008591C6 /* Base */,
			);
			name = LaunchScreen.storyboard;
			sourceTree = "<group>";
		};
/* End PBXVariantGroup section */

/* Begin XCBuildConfiguration section */
		8ED475EA226EAAAA008591C6 /* Debug */ = {
			isa = XCBuildConfiguration;
			buildSettings = {
				ALWAYS_SEARCH_USER_PATHS = NO;
				CLANG_ANALYZER_NONNULL = YES;
				CLANG_ANALYZER_NUMBER_OBJECT_CONVERSION = YES_AGGRESSIVE;
				CLANG_CXX_LANGUAGE_STANDARD = "gnu++14";
				CLANG_CXX_LIBRARY = "libc++";
				CLANG_ENABLE_MODULES = YES;
				CLANG_ENABLE_OBJC_ARC = YES;
				CLANG_ENABLE_OBJC_WEAK = YES;
				CLANG_WARN_BLOCK_CAPTURE_AUTORELEASING = YES;
				CLANG_WARN_BOOL_CONVERSION = YES;
				CLANG_WARN_COMMA = YES;
				CLANG_WARN_CONSTANT_CONVERSION = YES;
				CLANG_WARN_DEPRECATED_OBJC_IMPLEMENTATIONS = YES;
				CLANG_WARN_DIRECT_OBJC_ISA_USAGE = YES_ERROR;
				CLANG_WARN_DOCUMENTATION_COMMENTS = YES;
				CLANG_WARN_EMPTY_BODY = YES;
				CLANG_WARN_ENUM_CONVERSION = YES;
				CLANG_WARN_INFINITE_RECURSION = YES;
				CLANG_WARN_INT_CONVERSION = YES;
				CLANG_WARN_NON_LITERAL_NULL_CONVERSION = YES;
				CLANG_WARN_OBJC_IMPLICIT_RETAIN_SELF = YES;
				CLANG_WARN_OBJC_LITERAL_CONVERSION = YES;
				CLANG_WARN_OBJC_ROOT_CLASS = YES_ERROR;
				CLANG_WARN_RANGE_LOOP_ANALYSIS = YES;
				CLANG_WARN_STRICT_PROTOTYPES = YES;
				CLANG_WARN_SUSPICIOUS_MOVE = YES;
				CLANG_WARN_UNGUARDED_AVAILABILITY = YES_AGGRESSIVE;
				CLANG_WARN_UNREACHABLE_CODE = YES;
				CLANG_WARN__DUPLICATE_METHOD_MATCH = YES;
				CODE_SIGN_IDENTITY = "iPhone Developer";
				COPY_PHASE_STRIP = NO;
				DEBUG_INFORMATION_FORMAT = dwarf;
				ENABLE_STRICT_OBJC_MSGSEND = YES;
				ENABLE_TESTABILITY = YES;
				GCC_C_LANGUAGE_STANDARD = gnu11;
				GCC_DYNAMIC_NO_PIC = NO;
				GCC_NO_COMMON_BLOCKS = YES;
				GCC_OPTIMIZATION_LEVEL = 0;
				GCC_PREPROCESSOR_DEFINITIONS = (
					"DEBUG=1",
					"$(inherited)",
				);
				GCC_WARN_64_TO_32_BIT_CONVERSION = YES;
				GCC_WARN_ABOUT_RETURN_TYPE = YES_ERROR;
				GCC_WARN_UNDECLARED_SELECTOR = YES;
				GCC_WARN_UNINITIALIZED_AUTOS = YES_AGGRESSIVE;
				GCC_WARN_UNUSED_FUNCTION = YES;
				GCC_WARN_UNUSED_VARIABLE = YES;
				IPHONEOS_DEPLOYMENT_TARGET = 12.1;
				MTL_ENABLE_DEBUG_INFO = INCLUDE_SOURCE;
				MTL_FAST_MATH = YES;
				ONLY_ACTIVE_ARCH = YES;
				SDKROOT = iphoneos;
			};
			name = Debug;
		};
		8ED475EB226EAAAA008591C6 /* Release */ = {
			isa = XCBuildConfiguration;
			buildSettings = {
				ALWAYS_SEARCH_USER_PATHS = NO;
				CLANG_ANALYZER_NONNULL = YES;
				CLANG_ANALYZER_NUMBER_OBJECT_CONVERSION = YES_AGGRESSIVE;
				CLANG_CXX_LANGUAGE_STANDARD = "gnu++14";
				CLANG_CXX_LIBRARY = "libc++";
				CLANG_ENABLE_MODULES = YES;
				CLANG_ENABLE_OBJC_ARC = YES;
				CLANG_ENABLE_OBJC_WEAK = YES;
				CLANG_WARN_BLOCK_CAPTURE_AUTORELEASING = YES;
				CLANG_WARN_BOOL_CONVERSION = YES;
				CLANG_WARN_COMMA = YES;
				CLANG_WARN_CONSTANT_CONVERSION = YES;
				CLANG_WARN_DEPRECATED_OBJC_IMPLEMENTATIONS = YES;
				CLANG_WARN_DIRECT_OBJC_ISA_USAGE = YES_ERROR;
				CLANG_WARN_DOCUMENTATION_COMMENTS = YES;
				CLANG_WARN_EMPTY_BODY = YES;
				CLANG_WARN_ENUM_CONVERSION = YES;
				CLANG_WARN_INFINITE_RECURSION = YES;
				CLANG_WARN_INT_CONVERSION = YES;
				CLANG_WARN_NON_LITERAL_NULL_CONVERSION = YES;
				CLANG_WARN_OBJC_IMPLICIT_RETAIN_SELF = YES;
				CLANG_WARN_OBJC_LITERAL_CONVERSION = YES;
				CLANG_WARN_OBJC_ROOT_CLASS = YES_ERROR;
				CLANG_WARN_RANGE_LOOP_ANALYSIS = YES;
				CLANG_WARN_STRICT_PROTOTYPES = YES;
				CLANG_WARN_SUSPICIOUS_MOVE = YES;
				CLANG_WARN_UNGUARDED_AVAILABILITY = YES_AGGRESSIVE;
				CLANG_WARN_UNREACHABLE_CODE = YES;
				CLANG_WARN__DUPLICATE_METHOD_MATCH = YES;
				CODE_SIGN_IDENTITY = "iPhone Developer";
				COPY_PHASE_STRIP = NO;
				DEBUG_INFORMATION_FORMAT = "dwarf-with-dsym";
				ENABLE_NS_ASSERTIONS = NO;
				ENABLE_STRICT_OBJC_MSGSEND = YES;
				GCC_C_LANGUAGE_STANDARD = gnu11;
				GCC_NO_COMMON_BLOCKS = YES;
				GCC_WARN_64_TO_32_BIT_CONVERSION = YES;
				GCC_WARN_ABOUT_RETURN_TYPE = YES_ERROR;
				GCC_WARN_UNDECLARED_SELECTOR = YES;
				GCC_WARN_UNINITIALIZED_AUTOS = YES_AGGRESSIVE;
				GCC_WARN_UNUSED_FUNCTION = YES;
				GCC_WARN_UNUSED_VARIABLE = YES;
				IPHONEOS_DEPLOYMENT_TARGET = 12.1;
				MTL_ENABLE_DEBUG_INFO = NO;
				MTL_FAST_MATH = YES;
				SDKROOT = iphoneos;
				VALIDATE_PRODUCT = YES;
			};
			name = Release;
		};
		8ED475ED226EAAAA008591C6 /* Debug */ = {
			isa = XCBuildConfiguration;
			baseConfigurationReference = C143D71C9020EAB0F0F02F02 /* Pods-RequestMergeAndCancel.debug.xcconfig */;
			buildSettings = {
				ASSETCATALOG_COMPILER_APPICON_NAME = AppIcon;
				CODE_SIGN_STYLE = Automatic;
				INFOPLIST_FILE = RequestMergeAndCancel/Info.plist;
				LD_RUNPATH_SEARCH_PATHS = (
					"$(inherited)",
					"@executable_path/Frameworks",
				);
				PRODUCT_BUNDLE_IDENTIFIER = "-23123.RequestMergeAndCancel";
				PRODUCT_NAME = "$(TARGET_NAME)";
				TARGETED_DEVICE_FAMILY = "1,2";
			};
			name = Debug;
		};
		8ED475EE226EAAAA008591C6 /* Release */ = {
			isa = XCBuildConfiguration;
			baseConfigurationReference = 820FCED51B14EB7B88B3AA33 /* Pods-RequestMergeAndCancel.release.xcconfig */;
			buildSettings = {
				ASSETCATALOG_COMPILER_APPICON_NAME = AppIcon;
				CODE_SIGN_STYLE = Automatic;
				INFOPLIST_FILE = RequestMergeAndCancel/Info.plist;
				LD_RUNPATH_SEARCH_PATHS = (
					"$(inherited)",
					"@executable_path/Frameworks",
				);
				PRODUCT_BUNDLE_IDENTIFIER = "-23123.RequestMergeAndCancel";
				PRODUCT_NAME = "$(TARGET_NAME)";
				TARGETED_DEVICE_FAMILY = "1,2";
			};
			name = Release;
		};
/* End XCBuildConfiguration section */

/* Begin XCConfigurationList section */
		8ED475D1226EAAA8008591C6 /* Build configuration list for PBXProject "RequestMergeAndCancel" */ = {
			isa = XCConfigurationList;
			buildConfigurations = (
				8ED475EA226EAAAA008591C6 /* Debug */,
				8ED475EB226EAAAA008591C6 /* Release */,
			);
			defaultConfigurationIsVisible = 0;
			defaultConfigurationName = Release;
		};
		8ED475EC226EAAAA008591C6 /* Build configuration list for PBXNativeTarget "RequestMergeAndCancel" */ = {
			isa = XCConfigurationList;
			buildConfigurations = (
				8ED475ED226EAAAA008591C6 /* Debug */,
				8ED475EE226EAAAA008591C6 /* Release */,
			);
			defaultConfigurationIsVisible = 0;
			defaultConfigurationName = Release;
		};
/* End XCConfigurationList section */
	};
	rootObject = 8ED475CE226EAAA8008591C6 /* Project object */;
}
